
Microsoft Visual Studio Solution File, Format Version 12.00
# Visual Studio Version 18
VisualStudioVersion = 18.0.11222.15
MinimumVisualStudioVersion = 10.0.40219.1
Project("{FAE04EC0-301F-11D3-BF4B-00C04F79EFBC}") = "AlienBloxUtility", "AlienBloxUtility.csproj", "{347C0431-1F95-7C2A-1096-51AF239FDE89}"
EndProject
Project("{FAE04EC0-301F-11D3-BF4B-00C04F79EFBC}") = "AlienBloxAnalyzer", "AlienBloxAnalyzer\AlienBloxAnalyzer.csproj", "{F266BAF4-351E-CA91-5A68-E047F5CBD20D}"
EndProject
Global
	GlobalSection(SolutionConfigurationPlatforms) = preSolution
		Debug|Any CPU = Debug|Any CPU
		Release|Any CPU = Release|Any CPU
	EndGlobalSection
	GlobalSection(ProjectConfigurationPlatforms) = postSolution
		{347C0431-1F95-7C2A-1096-51AF239FDE89}.Debug|Any CPU.ActiveCfg = Debug|Any CPU
		{347C0431-1F95-7C2A-1096-51AF239FDE89}.Debug|Any CPU.Build.0 = Debug|Any CPU
		{347C0431-1F95-7C2A-1096-51AF239FDE89}.Release|Any CPU.ActiveCfg = Release|Any CPU
		{347C0431-1F95-7C2A-1096-51AF239FDE89}.Release|Any CPU.Build.0 = Release|Any CPU
		{F266BAF4-351E-CA91-5A68-E047F5CBD20D}.Debug|Any CPU.ActiveCfg = Debug|Any CPU
		{F266BAF4-351E-CA91-5A68-E047F5CBD20D}.Debug|Any CPU.Build.0 = Debug|Any CPU
		{F266BAF4-351E-CA91-5A68-E047F5CBD20D}.Release|Any CPU.ActiveCfg = Release|Any CPU
		{F266BAF4-351E-CA91-5A68-E047F5CBD20D}.Release|Any CPU.Build.0 = Release|Any CPU
	EndGlobalSection
	GlobalSection(SolutionProperties) = preSolution
		HideSolutionNode = FALSE
	EndGlobalSection
	GlobalSection(ExtensibilityGlobals) = postSolution
		SolutionGuid = {359AEBE2-EB29-4A10-A008-EF4235F0561A}
	EndGlobalSection
EndGlobal
